<?xml version="1.0" encoding="utf-8"?>
<Project ToolsVersion="4.0" xmlns="http://schemas.microsoft.com/developer/msbuild/2003">
  <ItemGroup>
    <Filter Include="Header Files">
      <UniqueIdentifier>{58071a7d-cbb0-4abd-9790-6b2e658844e3}</UniqueIdentifier>
    </Filter>
    <Filter Include="Source Files">
      <UniqueIdentifier>{30ffa034-0511-4b02-96bb-ac319241f08f}</UniqueIdentifier>
    </Filter>
    <Filter Include="Header Files\Boids">
      <UniqueIdentifier>{473169a8-96e1-4412-ac2e-391661ee95bc}</UniqueIdentifier>
    </Filter>
    <Filter Include="Source Files\Boids">
      <UniqueIdentifier>{fc1e3008-2ab7-4b6a-aa2f-6fcea7719c5a}</UniqueIdentifier>
    </Filter>
    <Filter Include="Header Files\Graphics">
      <UniqueIdentifier>{a27988fb-d0a5-4250-972f-af65e8ca4292}</UniqueIdentifier>
    </Filter>
    <Filter Include="Source Files\Graphics">
      <UniqueIdentifier>{c4ae7624-e121-4a43-87ce-ac08c1110b47}</UniqueIdentifier>
    </Filter>
  </ItemGroup>
  <ItemGroup>
    <ClCompile Include="Main.cpp">
      <Filter>Source Files</Filter>
    </ClCompile>
    <ClCompile Include="Boid.cpp">
      <Filter>Source Files\Boids</Filter>
    </ClCompile>
    <ClCompile Include="SDLInterface.cpp">
      <Filter>Source Files\Graphics</Filter>
    </ClCompile>
    <ClCompile Include="Flock.cpp">
      <Filter>Source Files\Boids</Filter>
    </ClCompile>
  </ItemGroup>
  <ItemGroup>
    <ClInclude Include="Flock.h">
      <Filter>Header Files\Boids</Filter>
    </ClInclude>
    <ClInclude Include="Boid.h">
      <Filter>Header Files\Boids</Filter>
    </ClInclude>
    <ClInclude Include="SDLInterface.h">
      <Filter>Header Files\Graphics</Filter>
    </ClInclude>
  </ItemGroup>
</Project>